// !$*UTF8*$!
{
	archiveVersion = 1;
	classes = {
	};
	objectVersion = 46;
	objects = {

/* Begin PBXBuildFile section */
		A40553A31B5BF1A100E7D8E5 /* AppDelegate.swift in Sources */ = {isa = PBXBuildFile; fileRef = A40553A21B5BF1A100E7D8E5 /* AppDelegate.swift */; };
		A40553A51B5BF1A100E7D8E5 /* GameScene.sks in Resources */ = {isa = PBXBuildFile; fileRef = A40553A41B5BF1A100E7D8E5 /* GameScene.sks */; };
		A40553A71B5BF1A100E7D8E5 /* GameScene.swift in Sources */ = {isa = PBXBuildFile; fileRef = A40553A61B5BF1A100E7D8E5 /* GameScene.swift */; };
		A40553A91B5BF1A100E7D8E5 /* GameViewController.swift in Sources */ = {isa = PBXBuildFile; fileRef = A40553A81B5BF1A100E7D8E5 /* GameViewController.swift */; };
		A40553AC1B5BF1A100E7D8E5 /* Main.storyboard in Resources */ = {isa = PBXBuildFile; fileRef = A40553AA1B5BF1A100E7D8E5 /* Main.storyboard */; };
		A40553AE1B5BF1A200E7D8E5 /* Images.xcassets in Resources */ = {isa = PBXBuildFile; fileRef = A40553AD1B5BF1A200E7D8E5 /* Images.xcassets */; };
		A40553B11B5BF1A200E7D8E5 /* LaunchScreen.xib in Resources */ = {isa = PBXBuildFile; fileRef = A40553AF1B5BF1A200E7D8E5 /* LaunchScreen.xib */; };
		A40553BD1B5BF1A200E7D8E5 /* Nodes_TutorialTests.swift in Sources */ = {isa = PBXBuildFile; fileRef = A40553BC1B5BF1A200E7D8E5 /* Nodes_TutorialTests.swift */; };
		A40553C71B5BF3C900E7D8E5 /* xx.jpg in Resources */ = {isa = PBXBuildFile; fileRef = A40553C61B5BF3C900E7D8E5 /* xx.jpg */; };
/* End PBXBuildFile section */

/* Begin PBXContainerItemProxy section */
		A40553B71B5BF1A200E7D8E5 /* PBXContainerItemProxy */ = {
			isa = PBXContainerItemProxy;
			containerPortal = A40553951B5BF1A100E7D8E5 /* Project object */;
			proxyType = 1;
			remoteGlobalIDString = A405539C1B5BF1A100E7D8E5;
			remoteInfo = "Nodes Tutorial";
		};
/* End PBXContainerItemProxy section */

/* Begin PBXFileReference section */
		A405539D1B5BF1A100E7D8E5 /* Nodes Tutorial.app */ = {isa = PBXFileReference; explicitFileType = wrapper.application; includeInIndex = 0; path = "Nodes Tutorial.app"; sourceTree = BUILT_PRODUCTS_DIR; };
		A40553A11B5BF1A100E7D8E5 /* Info.plist */ = {isa = PBXFileReference; lastKnownFileType = text.plist.xml; path = Info.plist; sourceTree = "<group>"; };
		A40553A21B5BF1A100E7D8E5 /* AppDelegate.swift */ = {isa = PBXFileReference; lastKnownFileType = sourcecode.swift; path = AppDelegate.swift; sourceTree = "<group>"; };
		A40553A41B5BF1A100E7D8E5 /* GameScene.sks */ = {isa = PBXFileReference; lastKnownFileType = file.sks; path = GameScene.sks; sourceTree = "<group>"; };
		A40553A61B5BF1A100E7D8E5 /* GameScene.swift */ = {isa = PBXFileReference; lastKnownFileType = sourcecode.swift; path = GameScene.swift; sourceTree = "<group>"; };
		A40553A81B5BF1A100E7D8E5 /* GameViewController.swift */ = {isa = PBXFileReference; lastKnownFileType = sourcecode.swift; path = GameViewController.swift; sourceTree = "<group>"; };
		A40553AB1B5BF1A100E7D8E5 /* Base */ = {isa = PBXFileReference; lastKnownFileType = file.storyboard; name = Base; path = Base.lproj/Main.storyboard; sourceTree = "<group>"; };
		A40553AD1B5BF1A200E7D8E5 /* Images.xcassets */ = {isa = PBXFileReference; lastKnownFileType = folder.assetcatalog; path = Images.xcassets; sourceTree = "<group>"; };
		A40553B01B5BF1A200E7D8E5 /* Base */ = {isa = PBXFileReference; lastKnownFileType = file.xib; name = Base; path = Base.lproj/LaunchScreen.xib; sourceTree = "<group>"; };
		A40553B61B5BF1A200E7D8E5 /* Nodes TutorialTests.xctest */ = {isa = PBXFileReference; explicitFileType = wrapper.cfbundle; includeInIndex = 0; path = "Nodes TutorialTests.xctest"; sourceTree = BUILT_PRODUCTS_DIR; };
		A40553BB1B5BF1A200E7D8E5 /* Info.plist */ = {isa = PBXFileReference; lastKnownFileType = text.plist.xml; path = Info.plist; sourceTree = "<group>"; };
		A40553BC1B5BF1A200E7D8E5 /* Nodes_TutorialTests.swift */ = {isa = PBXFileReference; lastKnownFileType = sourcecode.swift; path = Nodes_TutorialTests.swift; sourceTree = "<group>"; };
		A40553C61B5BF3C900E7D8E5 /* xx.jpg */ = {isa = PBXFileReference; lastKnownFileType = image.jpeg; path = xx.jpg; sourceTree = "<group>"; };
/* End PBXFileReference section */

/* Begin PBXFrameworksBuildPhase section */
		A405539A1B5BF1A100E7D8E5 /* Frameworks */ = {
			isa = PBXFrameworksBuildPhase;
			buildActionMask = 2147483647;
			files = (
			);
			runOnlyForDeploymentPostprocessing = 0;
		};
		A40553B31B5BF1A200E7D8E5 /* Frameworks */ = {
			isa = PBXFrameworksBuildPhase;
			buildActionMask = 2147483647;
			files = (
			);
			runOnlyForDeploymentPostprocessing = 0;
		};
/* End PBXFrameworksBuildPhase section */

/* Begin PBXGroup section */
		A40553941B5BF1A100E7D8E5 = {
			isa = PBXGroup;
			children = (
				A405539F1B5BF1A100E7D8E5 /* Nodes Tutorial */,
				A40553B91B5BF1A200E7D8E5 /* Nodes TutorialTests */,
				A405539E1B5BF1A100E7D8E5 /* Products */,
			);
			sourceTree = "<group>";
		};
		A405539E1B5BF1A100E7D8E5 /* Products */ = {
			isa = PBXGroup;
			children = (
				A405539D1B5BF1A100E7D8E5 /* Nodes Tutorial.app */,
				A40553B61B5BF1A200E7D8E5 /* Nodes TutorialTests.xctest */,
			);
			name = Products;
			sourceTree = "<group>";
		};
		A405539F1B5BF1A100E7D8E5 /* Nodes Tutorial */ = {
			isa = PBXGroup;
			children = (
				A40553A21B5BF1A100E7D8E5 /* AppDelegate.swift */,
				A40553A41B5BF1A100E7D8E5 /* GameScene.sks */,
				A40553A61B5BF1A100E7D8E5 /* GameScene.swift */,
				A40553A81B5BF1A100E7D8E5 /* GameViewController.swift */,
				A40553AA1B5BF1A100E7D8E5 /* Main.storyboard */,
				A40553AD1B5BF1A200E7D8E5 /* Images.xcassets */,
				A40553AF1B5BF1A200E7D8E5 /* LaunchScreen.xib */,
				A40553A01B5BF1A100E7D8E5 /* Supporting Files */,
			);
			path = "Nodes Tutorial";
			sourceTree = "<group>";
		};
		A40553A01B5BF1A100E7D8E5 /* Supporting Files */ = {
			isa = PBXGroup;
			children = (
				A40553C61B5BF3C900E7D8E5 /* xx.jpg */,
				A40553A11B5BF1A100E7D8E5 /* Info.plist */,
			);
			name = "Supporting Files";
			sourceTree = "<group>";
		};
		A40553B91B5BF1A200E7D8E5 /* Nodes TutorialTests */ = {
			isa = PBXGroup;
			children = (
				A40553BC1B5BF1A200E7D8E5 /* Nodes_TutorialTests.swift */,
				A40553BA1B5BF1A200E7D8E5 /* Supporting Files */,
			);
			path = "Nodes TutorialTests";
			sourceTree = "<group>";
		};
		A40553BA1B5BF1A200E7D8E5 /* Supporting Files */ = {
			isa = PBXGroup;
			children = (
				A40553BB1B5BF1A200E7D8E5 /* Info.plist */,
			);
			name = "Supporting Files";
			sourceTree = "<group>";
		};
/* End PBXGroup section */

/* Begin PBXNativeTarget section */
		A405539C1B5BF1A100E7D8E5 /* Nodes Tutorial */ = {
			isa = PBXNativeTarget;
			buildConfigurationList = A40553C01B5BF1A200E7D8E5 /* Build configuration list for PBXNativeTarget "Nodes Tutorial" */;
			buildPhases = (
				A40553991B5BF1A100E7D8E5 /* Sources */,
				A405539A1B5BF1A100E7D8E5 /* Frameworks */,
				A405539B1B5BF1A100E7D8E5 /* Resources */,
			);
			buildRules = (
			);
			dependencies = (
			);
			name = "Nodes Tutorial";
			productName = "Nodes Tutorial";
			productReference = A405539D1B5BF1A100E7D8E5 /* Nodes Tutorial.app */;
			productType = "com.apple.product-type.application";
		};
		A40553B51B5BF1A200E7D8E5 /* Nodes TutorialTests */ = {
			isa = PBXNativeTarget;
			buildConfigurationList = A40553C31B5BF1A200E7D8E5 /* Build configuration list for PBXNativeTarget "Nodes TutorialTests" */;
			buildPhases = (
				A40553B21B5BF1A200E7D8E5 /* Sources */,
				A40553B31B5BF1A200E7D8E5 /* Frameworks */,
				A40553B41B5BF1A200E7D8E5 /* Resources */,
			);
			buildRules = (
			);
			dependencies = (
				A40553B81B5BF1A200E7D8E5 /* PBXTargetDependency */,
			);
			name = "Nodes TutorialTests";
			productName = "Nodes TutorialTests";
			productReference = A40553B61B5BF1A200E7D8E5 /* Nodes TutorialTests.xctest */;
			productType = "com.apple.product-type.bundle.unit-test";
		};
/* End PBXNativeTarget section */

/* Begin PBXProject section */
		A40553951B5BF1A100E7D8E5 /* Project object */ = {
			isa = PBXProject;
			attributes = {
				LastUpgradeCheck = 0640;
				ORGANIZATIONNAME = "panda zheng";
				TargetAttributes = {
					A405539C1B5BF1A100E7D8E5 = {
						CreatedOnToolsVersion = 6.4;
					};
					A40553B51B5BF1A200E7D8E5 = {
						CreatedOnToolsVersion = 6.4;
						TestTargetID = A405539C1B5BF1A100E7D8E5;
					};
				};
			};
			buildConfigurationList = A40553981B5BF1A100E7D8E5 /* Build configuration list for PBXProject "Nodes Tutorial" */;
			compatibilityVersion = "Xcode 3.2";
			developmentRegion = English;
			hasScannedForEncodings = 0;
			knownRegions = (
				en,
				Base,
			);
			mainGroup = A40553941B5BF1A100E7D8E5;
			productRefGroup = A405539E1B5BF1A100E7D8E5 /* Products */;
			projectDirPath = "";
			projectRoot = "";
			targets = (
				A405539C1B5BF1A100E7D8E5 /* Nodes Tutorial */,
				A40553B51B5BF1A200E7D8E5 /* Nodes TutorialTests */,
			);
		};
/* End PBXProject section */

/* Begin PBXResourcesBuildPhase section */
		A405539B1B5BF1A100E7D8E5 /* Resources */ = {
			isa = PBXResourcesBuildPhase;
			buildActionMask = 2147483647;
			files = (
				A40553C71B5BF3C900E7D8E5 /* xx.jpg in Resources */,
				A40553B11B5BF1A200E7D8E5 /* LaunchScreen.xib in Resources */,
				A40553AE1B5BF1A200E7D8E5 /* Images.xcassets in Resources */,
				A40553A51B5BF1A100E7D8E5 /* GameScene.sks in Resources */,
				A40553AC1B5BF1A100E7D8E5 /* Main.storyboard in Resources */,
			);
			runOnlyForDeploymentPostprocessing = 0;
		};
		A40553B41B5BF1A200E7D8E5 /* Resources */ = {
			isa = PBXResourcesBuildPhase;
			buildActionMask = 2147483647;
			files = (
			);
			runOnlyForDeploymentPostprocessing = 0;
		};
/* End PBXResourcesBuildPhase section */

/* Begin PBXSourcesBuildPhase section */
		A40553991B5BF1A100E7D8E5 /* Sources */ = {
			isa = PBXSourcesBuildPhase;
			buildActionMask = 2147483647;
			files = (
				A40553A71B5BF1A100E7D8E5 /* GameScene.swift in Sources */,
				A40553A91B5BF1A100E7D8E5 /* GameViewController.swift in Sources */,
				A40553A31B5BF1A100E7D8E5 /* AppDelegate.swift in Sources */,
			);
			runOnlyForDeploymentPostprocessing = 0;
		};
		A40553B21B5BF1A200E7D8E5 /* Sources */ = {
			isa = PBXSourcesBuildPhase;
			buildActionMask = 2147483647;
			files = (
				A40553BD1B5BF1A200E7D8E5 /* Nodes_TutorialTests.swift in Sources */,
			);
			runOnlyForDeploymentPostprocessing = 0;
		};
/* End PBXSourcesBuildPhase section */

/* Begin PBXTargetDependency section */
		A40553B81B5BF1A200E7D8E5 /* PBXTargetDependency */ = {
			isa = PBXTargetDependency;
			target = A405539C1B5BF1A100E7D8E5 /* Nodes Tutorial */;
			targetProxy = A40553B71B5BF1A200E7D8E5 /* PBXContainerItemProxy */;
		};
/* End PBXTargetDependency section */

/* Begin PBXVariantGroup section */
		A40553AA1B5BF1A100E7D8E5 /* Main.storyboard */ = {
			isa = PBXVariantGroup;
			children = (
				A40553AB1B5BF1A100E7D8E5 /* Base */,
			);
			name = Main.storyboard;
			sourceTree = "<group>";
		};
		A40553AF1B5BF1A200E7D8E5 /* LaunchScreen.xib */ = {
			isa = PBXVariantGroup;
			children = (
				A40553B01B5BF1A200E7D8E5 /* Base */,
			);
			name = LaunchScreen.xib;
			sourceTree = "<group>";
		};
/* End PBXVariantGroup section */

/* Begin XCBuildConfiguration section */
		A40553BE1B5BF1A200E7D8E5 /* Debug */ = {
			isa = XCBuildConfiguration;
			buildSettings = {
				ALWAYS_SEARCH_USER_PATHS = NO;
				CLANG_CXX_LANGUAGE_STANDARD = "gnu++0x";
				CLANG_CXX_LIBRARY = "libc++";
				CLANG_ENABLE_MODULES = YES;
				CLANG_ENABLE_OBJC_ARC = YES;
				CLANG_WARN_BOOL_CONVERSION = YES;
				CLANG_WARN_CONSTANT_CONVERSION = YES;
				CLANG_WARN_DIRECT_OBJC_ISA_USAGE = YES_ERROR;
				CLANG_WARN_EMPTY_BODY = YES;
				CLANG_WARN_ENUM_CONVERSION = YES;
				CLANG_WARN_INT_CONVERSION = YES;
				CLANG_WARN_OBJC_ROOT_CLASS = YES_ERROR;
				CLANG_WARN_UNREACHABLE_CODE = YES;
				CLANG_WARN__DUPLICATE_METHOD_MATCH = YES;
				"CODE_SIGN_IDENTITY[sdk=iphoneos*]" = "iPhone Developer";
				COPY_PHASE_STRIP = NO;
				DEBUG_INFORMATION_FORMAT = "dwarf-with-dsym";
				ENABLE_STRICT_OBJC_MSGSEND = YES;
				GCC_C_LANGUAGE_STANDARD = gnu99;
				GCC_DYNAMIC_NO_PIC = NO;
				GCC_NO_COMMON_BLOCKS = YES;
				GCC_OPTIMIZATION_LEVEL = 0;
				GCC_PREPROCESSOR_DEFINITIONS = (
					"DEBUG=1",
					"$(inherited)",
				);
				GCC_SYMBOLS_PRIVATE_EXTERN = NO;
				GCC_WARN_64_TO_32_BIT_CONVERSION = YES;
				GCC_WARN_ABOUT_RETURN_TYPE = YES_ERROR;
				GCC_WARN_UNDECLARED_SELECTOR = YES;
				GCC_WARN_UNINITIALIZED_AUTOS = YES_AGGRESSIVE;
				GCC_WARN_UNUSED_FUNCTION = YES;
				GCC_WARN_UNUSED_VARIABLE = YES;
				IPHONEOS_DEPLOYMENT_TARGET = 8.4;
				MTL_ENABLE_DEBUG_INFO = YES;
				ONLY_ACTIVE_ARCH = YES;
				SDKROOT = iphoneos;
				SWIFT_OPTIMIZATION_LEVEL = "-Onone";
			};
			name = Debug;
		};
		A40553BF1B5BF1A200E7D8E5 /* Release */ = {
			isa = XCBuildConfiguration;
			buildSettings = {
				ALWAYS_SEARCH_USER_PATHS = NO;
				CLANG_CXX_LANGUAGE_STANDARD = "gnu++0x";
				CLANG_CXX_LIBRARY = "libc++";
				CLANG_ENABLE_MODULES = YES;
				CLANG_ENABLE_OBJC_ARC = YES;
				CLANG_WARN_BOOL_CONVERSION = YES;
				CLANG_WARN_CONSTANT_CONVERSION = YES;
				CLANG_WARN_DIRECT_OBJC_ISA_USAGE = YES_ERROR;
				CLANG_WARN_EMPTY_BODY = YES;
				CLANG_WARN_ENUM_CONVERSION = YES;
				CLANG_WARN_INT_CONVERSION = YES;
				CLANG_WARN_OBJC_ROOT_CLASS = YES_ERROR;
				CLANG_WARN_UNREACHABLE_CODE = YES;
				CLANG_WARN__DUPLICATE_METHOD_MATCH = YES;
				"CODE_SIGN_IDENTITY[sdk=iphoneos*]" = "iPhone Developer";
				COPY_PHASE_STRIP = NO;
				DEBUG_INFORMATION_FORMAT = "dwarf-with-dsym";
				ENABLE_NS_ASSERTIONS = NO;
				ENABLE_STRICT_OBJC_MSGSEND = YES;
				GCC_C_LANGUAGE_STANDARD = gnu99;
				GCC_NO_COMMON_BLOCKS = YES;
				GCC_WARN_64_TO_32_BIT_CONVERSION = YES;
				GCC_WARN_ABOUT_RETURN_TYPE = YES_ERROR;
				GCC_WARN_UNDECLARED_SELECTOR = YES;
				GCC_WARN_UNINITIALIZED_AUTOS = YES_AGGRESSIVE;
				GCC_WARN_UNUSED_FUNCTION = YES;
				GCC_WARN_UNUSED_VARIABLE = YES;
				IPHONEOS_DEPLOYMENT_TARGET = 8.4;
				MTL_ENABLE_DEBUG_INFO = NO;
				SDKROOT = iphoneos;
				VALIDATE_PRODUCT = YES;
			};
			name = Release;
		};
		A40553C11B5BF1A200E7D8E5 /* Debug */ = {
			isa = XCBuildConfiguration;
			buildSettings = {
				ASSETCATALOG_COMPILER_APPICON_NAME = AppIcon;
				INFOPLIST_FILE = "Nodes Tutorial/Info.plist";
				LD_RUNPATH_SEARCH_PATHS = "$(inherited) @executable_path/Frameworks";
				PRODUCT_NAME = "$(TARGET_NAME)";
			};
			name = Debug;
		};
		A40553C21B5BF1A200E7D8E5 /* Release */ = {
			isa = XCBuildConfiguration;
			buildSettings = {
				ASSETCATALOG_COMPILER_APPICON_NAME = AppIcon;
				INFOPLIST_FILE = "Nodes Tutorial/Info.plist";
				LD_RUNPATH_SEARCH_PATHS = "$(inherited) @executable_path/Frameworks";
				PRODUCT_NAME = "$(TARGET_NAME)";
			};
			name = Release;
		};
		A40553C41B5BF1A200E7D8E5 /* Debug */ = {
			isa = XCBuildConfiguration;
			buildSettings = {
				BUNDLE_LOADER = "$(TEST_HOST)";
				FRAMEWORK_SEARCH_PATHS = (
					"$(SDKROOT)/Developer/Library/Frameworks",
					"$(inherited)",
				);
				GCC_PREPROCESSOR_DEFINITIONS = (
					"DEBUG=1",
					"$(inherited)",
				);
				INFOPLIST_FILE = "Nodes TutorialTests/Info.plist";
				LD_RUNPATH_SEARCH_PATHS = "$(inherited) @executable_path/Frameworks @loader_path/Frameworks";
				PRODUCT_NAME = "$(TARGET_NAME)";
				TEST_HOST = "$(BUILT_PRODUCTS_DIR)/Nodes Tutorial.app/Nodes Tutorial";
			};
			name = Debug;
		};
		A40553C51B5BF1A200E7D8E5 /* Release */ = {
			isa = XCBuildConfiguration;
			buildSettings = {
				BUNDLE_LOADER = "$(TEST_HOST)";
				FRAMEWORK_SEARCH_PATHS = (
					"$(SDKROOT)/Developer/Library/Frameworks",
					"$(inherited)",
				);
				INFOPLIST_FILE = "Nodes TutorialTests/Info.plist";
				LD_RUNPATH_SEARCH_PATHS = "$(inherited) @executable_path/Frameworks @loader_path/Frameworks";
				PRODUCT_NAME = "$(TARGET_NAME)";
				TEST_HOST = "$(BUILT_PRODUCTS_DIR)/Nodes Tutorial.app/Nodes Tutorial";
			};
			name = Release;
		};
/* End XCBuildConfiguration section */

/* Begin XCConfigurationList section */
		A40553981B5BF1A100E7D8E5 /* Build configuration list for PBXProject "Nodes Tutorial" */ = {
			isa = XCConfigurationList;
			buildConfigurations = (
				A40553BE1B5BF1A200E7D8E5 /* Debug */,
				A40553BF1B5BF1A200E7D8E5 /* Release */,
			);
			defaultConfigurationIsVisible = 0;
			defaultConfigurationName = Release;
		};
		A40553C01B5BF1A200E7D8E5 /* Build configuration list for PBXNativeTarget "Nodes Tutorial" */ = {
			isa = XCConfigurationList;
			buildConfigurations = (
				A40553C11B5BF1A200E7D8E5 /* Debug */,
				A40553C21B5BF1A200E7D8E5 /* Release */,
			);
			defaultConfigurationIsVisible = 0;
		};
		A40553C31B5BF1A200E7D8E5 /* Build configuration list for PBXNativeTarget "Nodes TutorialTests" */ = {
			isa = XCConfigurationList;
			buildConfigurations = (
				A40553C41B5BF1A200E7D8E5 /* Debug */,
				A40553C51B5BF1A200E7D8E5 /* Release */,
			);
			defaultConfigurationIsVisible = 0;
		};
/* End XCConfigurationList section */
	};
	rootObject = A40553951B5BF1A100E7D8E5 /* Project object */;
}
